
Microsoft Visual Studio Solution File, Format Version 12.00
# Visual Studio Version 17
VisualStudioVersion = 17.8.34511.84
MinimumVisualStudioVersion = 10.0.40219.1
Project("{9A19103F-16F7-4668-BE54-9A1E7A4F7556}") = "OrderApp", "OrderApp\OrderApp\OrderApp.csproj", "{51140854-6FDD-499D-B3C7-F235279691A4}"
EndProject
Project("{9A19103F-16F7-4668-BE54-9A1E7A4F7556}") = "OrderApp.Client", "OrderApp\OrderApp.Client\OrderApp.Client.csproj", "{9DF5631E-6DFE-427E-80D0-4756621CD817}"
EndProject
Project("{9A19103F-16F7-4668-BE54-9A1E7A4F7556}") = "DataAccess", "DataAccess\DataAccess.csproj", "{20B72457-0A83-42A7-9239-36F2D223A511}"
EndProject
Global
	GlobalSection(SolutionConfigurationPlatforms) = preSolution
		Debug|Any CPU = Debug|Any CPU
		Release|Any CPU = Release|Any CPU
	EndGlobalSection
	GlobalSection(ProjectConfigurationPlatforms) = postSolution
		{51140854-6FDD-499D-B3C7-F235279691A4}.Debug|Any CPU.ActiveCfg = Debug|Any CPU
		{51140854-6FDD-499D-B3C7-F235279691A4}.Debug|Any CPU.Build.0 = Debug|Any CPU
		{51140854-6FDD-499D-B3C7-F235279691A4}.Release|Any CPU.ActiveCfg = Release|Any CPU
		{51140854-6FDD-499D-B3C7-F235279691A4}.Release|Any CPU.Build.0 = Release|Any CPU
		{9DF5631E-6DFE-427E-80D0-4756621CD817}.Debug|Any CPU.ActiveCfg = Debug|Any CPU
		{9DF5631E-6DFE-427E-80D0-4756621CD817}.Debug|Any CPU.Build.0 = Debug|Any CPU
		{9DF5631E-6DFE-427E-80D0-4756621CD817}.Release|Any CPU.ActiveCfg = Release|Any CPU
		{9DF5631E-6DFE-427E-80D0-4756621CD817}.Release|Any CPU.Build.0 = Release|Any CPU
		{20B72457-0A83-42A7-9239-36F2D223A511}.Debug|Any CPU.ActiveCfg = Debug|Any CPU
		{20B72457-0A83-42A7-9239-36F2D223A511}.Debug|Any CPU.Build.0 = Debug|Any CPU
		{20B72457-0A83-42A7-9239-36F2D223A511}.Release|Any CPU.ActiveCfg = Release|Any CPU
		{20B72457-0A83-42A7-9239-36F2D223A511}.Release|Any CPU.Build.0 = Release|Any CPU
	EndGlobalSection
	GlobalSection(SolutionProperties) = preSolution
		HideSolutionNode = FALSE
	EndGlobalSection
	GlobalSection(ExtensibilityGlobals) = postSolution
		SolutionGuid = {161A6B77-5608-42DA-ACC8-7B12279C9B07}
	EndGlobalSection
EndGlobal
